
Microsoft Visual Studio Solution File, Format Version 12.00
# Visual Studio Version 16
VisualStudioVersion = 16.0.29911.84
MinimumVisualStudioVersion = 10.0.40219.1
Project("{FAE04EC0-301F-11D3-BF4B-00C04F79EFBC}") = "AudioReminderService", "AudioReminderService\AudioReminderService.csproj", "{041E9405-7C2B-4156-BDC8-586F5E8A044A}"
EndProject
Project("{FAE04EC0-301F-11D3-BF4B-00C04F79EFBC}") = "AudioReminderUI", "AudioReminderUI\AudioReminderUI.csproj", "{28CD2815-61BE-4EB9-965F-1DD2385BF251}"
EndProject
Project("{2150E333-8FDC-42A3-9474-1A3956D46DE8}") = "Solution Items", "Solution Items", "{E339B15D-DC74-49FB-94FB-BCBA6E01C64D}"
	ProjectSection(SolutionItems) = preProject
		.editorconfig = .editorconfig
	EndProjectSection
EndProject
Project("{FAE04EC0-301F-11D3-BF4B-00C04F79EFBC}") = "AudioReminderRinging", "AudioReminderRinging\AudioReminderRinging.csproj", "{3FBF2CE4-9963-4CA9-A40A-7A0F1ADAF7DF}"
EndProject
Project("{FAE04EC0-301F-11D3-BF4B-00C04F79EFBC}") = "AudioReminderCore", "AudioReminderCore\AudioReminderCore.csproj", "{A1EF04FC-26DD-4511-88DF-1839EDFE5902}"
EndProject
Project("{FAE04EC0-301F-11D3-BF4B-00C04F79EFBC}") = "AudioReminderRingerListener", "AudioReminderRingerListener\AudioReminderRingerListener.csproj", "{07A4EF77-F8B4-47FB-8DE1-32071F757C4F}"
EndProject
Project("{FAE04EC0-301F-11D3-BF4B-00C04F79EFBC}") = "AudioReminderUnitTests", "AudioReminderUnitTests\AudioReminderUnitTests.csproj", "{683C855C-1818-4AB6-97F0-961DD6278DEB}"
EndProject
Project("{FAE04EC0-301F-11D3-BF4B-00C04F79EFBC}") = "AudioReminderBeeper", "AudioReminderBeeper\AudioReminderBeeper.csproj", "{27C857C7-8470-4424-93FA-6683D4ADCBC0}"
EndProject
Global
	GlobalSection(SolutionConfigurationPlatforms) = preSolution
		Debug|Any CPU = Debug|Any CPU
		Release|Any CPU = Release|Any CPU
	EndGlobalSection
	GlobalSection(ProjectConfigurationPlatforms) = postSolution
		{041E9405-7C2B-4156-BDC8-586F5E8A044A}.Debug|Any CPU.ActiveCfg = Debug|Any CPU
		{041E9405-7C2B-4156-BDC8-586F5E8A044A}.Debug|Any CPU.Build.0 = Debug|Any CPU
		{041E9405-7C2B-4156-BDC8-586F5E8A044A}.Release|Any CPU.ActiveCfg = Release|Any CPU
		{041E9405-7C2B-4156-BDC8-586F5E8A044A}.Release|Any CPU.Build.0 = Release|Any CPU
		{28CD2815-61BE-4EB9-965F-1DD2385BF251}.Debug|Any CPU.ActiveCfg = Debug|Any CPU
		{28CD2815-61BE-4EB9-965F-1DD2385BF251}.Debug|Any CPU.Build.0 = Debug|Any CPU
		{28CD2815-61BE-4EB9-965F-1DD2385BF251}.Release|Any CPU.ActiveCfg = Release|Any CPU
		{28CD2815-61BE-4EB9-965F-1DD2385BF251}.Release|Any CPU.Build.0 = Release|Any CPU
		{3FBF2CE4-9963-4CA9-A40A-7A0F1ADAF7DF}.Debug|Any CPU.ActiveCfg = Debug|Any CPU
		{3FBF2CE4-9963-4CA9-A40A-7A0F1ADAF7DF}.Debug|Any CPU.Build.0 = Debug|Any CPU
		{3FBF2CE4-9963-4CA9-A40A-7A0F1ADAF7DF}.Release|Any CPU.ActiveCfg = Release|Any CPU
		{3FBF2CE4-9963-4CA9-A40A-7A0F1ADAF7DF}.Release|Any CPU.Build.0 = Release|Any CPU
		{A1EF04FC-26DD-4511-88DF-1839EDFE5902}.Debug|Any CPU.ActiveCfg = Debug|Any CPU
		{A1EF04FC-26DD-4511-88DF-1839EDFE5902}.Debug|Any CPU.Build.0 = Debug|Any CPU
		{A1EF04FC-26DD-4511-88DF-1839EDFE5902}.Release|Any CPU.ActiveCfg = Release|Any CPU
		{A1EF04FC-26DD-4511-88DF-1839EDFE5902}.Release|Any CPU.Build.0 = Release|Any CPU
		{07A4EF77-F8B4-47FB-8DE1-32071F757C4F}.Debug|Any CPU.ActiveCfg = Debug|Any CPU
		{07A4EF77-F8B4-47FB-8DE1-32071F757C4F}.Debug|Any CPU.Build.0 = Debug|Any CPU
		{07A4EF77-F8B4-47FB-8DE1-32071F757C4F}.Release|Any CPU.ActiveCfg = Release|Any CPU
		{07A4EF77-F8B4-47FB-8DE1-32071F757C4F}.Release|Any CPU.Build.0 = Release|Any CPU
		{683C855C-1818-4AB6-97F0-961DD6278DEB}.Debug|Any CPU.ActiveCfg = Debug|Any CPU
		{683C855C-1818-4AB6-97F0-961DD6278DEB}.Debug|Any CPU.Build.0 = Debug|Any CPU
		{683C855C-1818-4AB6-97F0-961DD6278DEB}.Release|Any CPU.ActiveCfg = Release|Any CPU
		{683C855C-1818-4AB6-97F0-961DD6278DEB}.Release|Any CPU.Build.0 = Release|Any CPU
		{27C857C7-8470-4424-93FA-6683D4ADCBC0}.Debug|Any CPU.ActiveCfg = Debug|Any CPU
		{27C857C7-8470-4424-93FA-6683D4ADCBC0}.Debug|Any CPU.Build.0 = Debug|Any CPU
		{27C857C7-8470-4424-93FA-6683D4ADCBC0}.Release|Any CPU.ActiveCfg = Release|Any CPU
		{27C857C7-8470-4424-93FA-6683D4ADCBC0}.Release|Any CPU.Build.0 = Release|Any CPU
	EndGlobalSection
	GlobalSection(SolutionProperties) = preSolution
		HideSolutionNode = FALSE
	EndGlobalSection
	GlobalSection(ExtensibilityGlobals) = postSolution
		SolutionGuid = {CC87ECBD-B5F1-46EF-BA69-6C0F6548E900}
	EndGlobalSection
EndGlobal
